// !$*UTF8*$!
{
	archiveVersion = 1;
	classes = {
	};
	objectVersion = 46;
	objects = {

/* Begin PBXBuildFile section */
		D61CF6381E68FCFC006915FE /* ItemListViewControllerTest.swift in Sources */ = {isa = PBXBuildFile; fileRef = D61CF6371E68FCFC006915FE /* ItemListViewControllerTest.swift */; };
		D61CF63C1E68FD6B006915FE /* ItemListViewController.swift in Sources */ = {isa = PBXBuildFile; fileRef = D61CF63B1E68FD6B006915FE /* ItemListViewController.swift */; };
		D61CF63F1E69011B006915FE /* ItemListDataProvider.swift in Sources */ = {isa = PBXBuildFile; fileRef = D61CF63E1E69011B006915FE /* ItemListDataProvider.swift */; };
		D6406F191E665A4200805678 /* AppDelegate.swift in Sources */ = {isa = PBXBuildFile; fileRef = D6406F181E665A4200805678 /* AppDelegate.swift */; };
		D6406F1E1E665A4200805678 /* Main.storyboard in Resources */ = {isa = PBXBuildFile; fileRef = D6406F1C1E665A4200805678 /* Main.storyboard */; };
		D6406F201E665A4200805678 /* Assets.xcassets in Resources */ = {isa = PBXBuildFile; fileRef = D6406F1F1E665A4200805678 /* Assets.xcassets */; };
		D6406F231E665A4200805678 /* LaunchScreen.storyboard in Resources */ = {isa = PBXBuildFile; fileRef = D6406F211E665A4200805678 /* LaunchScreen.storyboard */; };
		D6406F391E665CC600805678 /* ToDoItemTests.swift in Sources */ = {isa = PBXBuildFile; fileRef = D6406F381E665CC600805678 /* ToDoItemTests.swift */; };
		D6406F3B1E665D1F00805678 /* ToDoItem.swift in Sources */ = {isa = PBXBuildFile; fileRef = D6406F3A1E665D1F00805678 /* ToDoItem.swift */; };
		D64134041E6F89AF00F012A2 /* ItemCell.swift in Sources */ = {isa = PBXBuildFile; fileRef = D64134031E6F89AF00F012A2 /* ItemCell.swift */; };
		D65021571E67B61D00D47D8F /* Location.swift in Sources */ = {isa = PBXBuildFile; fileRef = D65021561E67B61D00D47D8F /* Location.swift */; };
		D65021591E67B77200D47D8F /* LocationTests.swift in Sources */ = {isa = PBXBuildFile; fileRef = D65021581E67B77200D47D8F /* LocationTests.swift */; };
		D650215C1E67BA4900D47D8F /* ItemManagerTests.swift in Sources */ = {isa = PBXBuildFile; fileRef = D650215B1E67BA4900D47D8F /* ItemManagerTests.swift */; };
		D650215E1E67BAA100D47D8F /* ItemManager.swift in Sources */ = {isa = PBXBuildFile; fileRef = D650215D1E67BAA100D47D8F /* ItemManager.swift */; };
		D686FFF81E74CC90007CDE7F /* DetailViewControllerTests.swift in Sources */ = {isa = PBXBuildFile; fileRef = D686FFF71E74CC90007CDE7F /* DetailViewControllerTests.swift */; };
		D686FFFA1E74CCE9007CDE7F /* DetailViewController.swift in Sources */ = {isa = PBXBuildFile; fileRef = D686FFF91E74CCE9007CDE7F /* DetailViewController.swift */; };
		D686FFFC1E74D3F3007CDE7F /* InputViewControllerTests.swift in Sources */ = {isa = PBXBuildFile; fileRef = D686FFFB1E74D3F3007CDE7F /* InputViewControllerTests.swift */; };
		D686FFFE1E74D420007CDE7F /* InputViewController.swift in Sources */ = {isa = PBXBuildFile; fileRef = D686FFFD1E74D420007CDE7F /* InputViewController.swift */; };
		D6D1EED81E6F989500F008BE /* ItemCellTests.swift in Sources */ = {isa = PBXBuildFile; fileRef = D6D1EED71E6F989500F008BE /* ItemCellTests.swift */; };
		D6D9B5791E6F7BE600820345 /* ItemListDataProviderTests.swift in Sources */ = {isa = PBXBuildFile; fileRef = D6D9B5781E6F7BE600820345 /* ItemListDataProviderTests.swift */; };
/* End PBXBuildFile section */

/* Begin PBXContainerItemProxy section */
		D6406F2A1E665A4200805678 /* PBXContainerItemProxy */ = {
			isa = PBXContainerItemProxy;
			containerPortal = D6406F0D1E665A4200805678 /* Project object */;
			proxyType = 1;
			remoteGlobalIDString = D6406F141E665A4200805678;
			remoteInfo = ToDoApp;
		};
/* End PBXContainerItemProxy section */

/* Begin PBXFileReference section */
		D61CF6371E68FCFC006915FE /* ItemListViewControllerTest.swift */ = {isa = PBXFileReference; fileEncoding = 4; lastKnownFileType = sourcecode.swift; path = ItemListViewControllerTest.swift; sourceTree = "<group>"; };
		D61CF63B1E68FD6B006915FE /* ItemListViewController.swift */ = {isa = PBXFileReference; fileEncoding = 4; lastKnownFileType = sourcecode.swift; path = ItemListViewController.swift; sourceTree = "<group>"; };
		D61CF63E1E69011B006915FE /* ItemListDataProvider.swift */ = {isa = PBXFileReference; fileEncoding = 4; lastKnownFileType = sourcecode.swift; path = ItemListDataProvider.swift; sourceTree = "<group>"; };
		D6406F151E665A4200805678 /* ToDoApp.app */ = {isa = PBXFileReference; explicitFileType = wrapper.application; includeInIndex = 0; path = ToDoApp.app; sourceTree = BUILT_PRODUCTS_DIR; };
		D6406F181E665A4200805678 /* AppDelegate.swift */ = {isa = PBXFileReference; lastKnownFileType = sourcecode.swift; path = AppDelegate.swift; sourceTree = "<group>"; };
		D6406F1D1E665A4200805678 /* Base */ = {isa = PBXFileReference; lastKnownFileType = file.storyboard; name = Base; path = Base.lproj/Main.storyboard; sourceTree = "<group>"; };
		D6406F1F1E665A4200805678 /* Assets.xcassets */ = {isa = PBXFileReference; lastKnownFileType = folder.assetcatalog; path = Assets.xcassets; sourceTree = "<group>"; };
		D6406F221E665A4200805678 /* Base */ = {isa = PBXFileReference; lastKnownFileType = file.storyboard; name = Base; path = Base.lproj/LaunchScreen.storyboard; sourceTree = "<group>"; };
		D6406F241E665A4200805678 /* Info.plist */ = {isa = PBXFileReference; lastKnownFileType = text.plist.xml; path = Info.plist; sourceTree = "<group>"; };
		D6406F291E665A4200805678 /* ToDoAppTests.xctest */ = {isa = PBXFileReference; explicitFileType = wrapper.cfbundle; includeInIndex = 0; path = ToDoAppTests.xctest; sourceTree = BUILT_PRODUCTS_DIR; };
		D6406F2F1E665A4200805678 /* Info.plist */ = {isa = PBXFileReference; lastKnownFileType = text.plist.xml; path = Info.plist; sourceTree = "<group>"; };
		D6406F381E665CC600805678 /* ToDoItemTests.swift */ = {isa = PBXFileReference; fileEncoding = 4; lastKnownFileType = sourcecode.swift; path = ToDoItemTests.swift; sourceTree = "<group>"; };
		D6406F3A1E665D1F00805678 /* ToDoItem.swift */ = {isa = PBXFileReference; fileEncoding = 4; lastKnownFileType = sourcecode.swift; path = ToDoItem.swift; sourceTree = "<group>"; };
		D64134031E6F89AF00F012A2 /* ItemCell.swift */ = {isa = PBXFileReference; fileEncoding = 4; lastKnownFileType = sourcecode.swift; path = ItemCell.swift; sourceTree = "<group>"; };
		D65021561E67B61D00D47D8F /* Location.swift */ = {isa = PBXFileReference; fileEncoding = 4; lastKnownFileType = sourcecode.swift; path = Location.swift; sourceTree = "<group>"; };
		D65021581E67B77200D47D8F /* LocationTests.swift */ = {isa = PBXFileReference; fileEncoding = 4; lastKnownFileType = sourcecode.swift; path = LocationTests.swift; sourceTree = "<group>"; };
		D650215B1E67BA4900D47D8F /* ItemManagerTests.swift */ = {isa = PBXFileReference; fileEncoding = 4; lastKnownFileType = sourcecode.swift; path = ItemManagerTests.swift; sourceTree = "<group>"; };
		D650215D1E67BAA100D47D8F /* ItemManager.swift */ = {isa = PBXFileReference; fileEncoding = 4; lastKnownFileType = sourcecode.swift; path = ItemManager.swift; sourceTree = "<group>"; };
		D686FFF71E74CC90007CDE7F /* DetailViewControllerTests.swift */ = {isa = PBXFileReference; fileEncoding = 4; lastKnownFileType = sourcecode.swift; path = DetailViewControllerTests.swift; sourceTree = "<group>"; };
		D686FFF91E74CCE9007CDE7F /* DetailViewController.swift */ = {isa = PBXFileReference; fileEncoding = 4; lastKnownFileType = sourcecode.swift; path = DetailViewController.swift; sourceTree = "<group>"; };
		D686FFFB1E74D3F3007CDE7F /* InputViewControllerTests.swift */ = {isa = PBXFileReference; fileEncoding = 4; lastKnownFileType = sourcecode.swift; path = InputViewControllerTests.swift; sourceTree = "<group>"; };
		D686FFFD1E74D420007CDE7F /* InputViewController.swift */ = {isa = PBXFileReference; fileEncoding = 4; lastKnownFileType = sourcecode.swift; path = InputViewController.swift; sourceTree = "<group>"; };
		D6D1EED71E6F989500F008BE /* ItemCellTests.swift */ = {isa = PBXFileReference; fileEncoding = 4; lastKnownFileType = sourcecode.swift; path = ItemCellTests.swift; sourceTree = "<group>"; };
		D6D9B5781E6F7BE600820345 /* ItemListDataProviderTests.swift */ = {isa = PBXFileReference; fileEncoding = 4; lastKnownFileType = sourcecode.swift; path = ItemListDataProviderTests.swift; sourceTree = "<group>"; };
/* End PBXFileReference section */

/* Begin PBXFrameworksBuildPhase section */
		D6406F121E665A4200805678 /* Frameworks */ = {
			isa = PBXFrameworksBuildPhase;
			buildActionMask = 2147483647;
			files = (
			);
			runOnlyForDeploymentPostprocessing = 0;
		};
		D6406F261E665A4200805678 /* Frameworks */ = {
			isa = PBXFrameworksBuildPhase;
			buildActionMask = 2147483647;
			files = (
			);
			runOnlyForDeploymentPostprocessing = 0;
		};
/* End PBXFrameworksBuildPhase section */

/* Begin PBXGroup section */
		D61CF6391E68FD0E006915FE /* Controller */ = {
			isa = PBXGroup;
			children = (
				D61CF6371E68FCFC006915FE /* ItemListViewControllerTest.swift */,
				D6D1EED71E6F989500F008BE /* ItemCellTests.swift */,
				D6D9B5781E6F7BE600820345 /* ItemListDataProviderTests.swift */,
				D686FFF71E74CC90007CDE7F /* DetailViewControllerTests.swift */,
				D686FFFB1E74D3F3007CDE7F /* InputViewControllerTests.swift */,
			);
			name = Controller;
			sourceTree = "<group>";
		};
		D61CF63A1E68FD24006915FE /* Model */ = {
			isa = PBXGroup;
			children = (
				D6406F381E665CC600805678 /* ToDoItemTests.swift */,
				D65021581E67B77200D47D8F /* LocationTests.swift */,
				D650215B1E67BA4900D47D8F /* ItemManagerTests.swift */,
			);
			name = Model;
			sourceTree = "<group>";
		};
		D61CF63D1E68FD71006915FE /* Controller */ = {
			isa = PBXGroup;
			children = (
				D61CF63B1E68FD6B006915FE /* ItemListViewController.swift */,
				D686FFF91E74CCE9007CDE7F /* DetailViewController.swift */,
				D61CF63E1E69011B006915FE /* ItemListDataProvider.swift */,
				D686FFFD1E74D420007CDE7F /* InputViewController.swift */,
			);
			name = Controller;
			sourceTree = "<group>";
		};
		D6406F0C1E665A4200805678 = {
			isa = PBXGroup;
			children = (
				D6406F171E665A4200805678 /* ToDoApp */,
				D6406F2C1E665A4200805678 /* ToDoAppTests */,
				D6406F161E665A4200805678 /* Products */,
			);
			sourceTree = "<group>";
		};
		D6406F161E665A4200805678 /* Products */ = {
			isa = PBXGroup;
			children = (
				D6406F151E665A4200805678 /* ToDoApp.app */,
				D6406F291E665A4200805678 /* ToDoAppTests.xctest */,
			);
			name = Products;
			sourceTree = "<group>";
		};
		D6406F171E665A4200805678 /* ToDoApp */ = {
			isa = PBXGroup;
			children = (
				D650215A1E67B7B600D47D8F /* Model */,
				D64134051E6F8D0600F012A2 /* View */,
				D61CF63D1E68FD71006915FE /* Controller */,
				D6406F1C1E665A4200805678 /* Main.storyboard */,
				D6406F181E665A4200805678 /* AppDelegate.swift */,
				D6406F1F1E665A4200805678 /* Assets.xcassets */,
				D6406F211E665A4200805678 /* LaunchScreen.storyboard */,
				D6406F241E665A4200805678 /* Info.plist */,
			);
			path = ToDoApp;
			sourceTree = "<group>";
		};
		D6406F2C1E665A4200805678 /* ToDoAppTests */ = {
			isa = PBXGroup;
			children = (
				D6406F2F1E665A4200805678 /* Info.plist */,
				D61CF63A1E68FD24006915FE /* Model */,
				D61CF6391E68FD0E006915FE /* Controller */,
			);
			path = ToDoAppTests;
			sourceTree = "<group>";
		};
		D64134051E6F8D0600F012A2 /* View */ = {
			isa = PBXGroup;
			children = (
				D64134031E6F89AF00F012A2 /* ItemCell.swift */,
			);
			name = View;
			sourceTree = "<group>";
		};
		D650215A1E67B7B600D47D8F /* Model */ = {
			isa = PBXGroup;
			children = (
				D6406F3A1E665D1F00805678 /* ToDoItem.swift */,
				D65021561E67B61D00D47D8F /* Location.swift */,
				D650215D1E67BAA100D47D8F /* ItemManager.swift */,
			);
			name = Model;
			sourceTree = "<group>";
		};
/* End PBXGroup section */

/* Begin PBXNativeTarget section */
		D6406F141E665A4200805678 /* ToDoApp */ = {
			isa = PBXNativeTarget;
			buildConfigurationList = D6406F321E665A4200805678 /* Build configuration list for PBXNativeTarget "ToDoApp" */;
			buildPhases = (
				D6406F111E665A4200805678 /* Sources */,
				D6406F121E665A4200805678 /* Frameworks */,
				D6406F131E665A4200805678 /* Resources */,
			);
			buildRules = (
			);
			dependencies = (
			);
			name = ToDoApp;
			productName = ToDoApp;
			productReference = D6406F151E665A4200805678 /* ToDoApp.app */;
			productType = "com.apple.product-type.application";
		};
		D6406F281E665A4200805678 /* ToDoAppTests */ = {
			isa = PBXNativeTarget;
			buildConfigurationList = D6406F351E665A4200805678 /* Build configuration list for PBXNativeTarget "ToDoAppTests" */;
			buildPhases = (
				D6406F251E665A4200805678 /* Sources */,
				D6406F261E665A4200805678 /* Frameworks */,
				D6406F271E665A4200805678 /* Resources */,
			);
			buildRules = (
			);
			dependencies = (
				D6406F2B1E665A4200805678 /* PBXTargetDependency */,
			);
			name = ToDoAppTests;
			productName = ToDoAppTests;
			productReference = D6406F291E665A4200805678 /* ToDoAppTests.xctest */;
			productType = "com.apple.product-type.bundle.unit-test";
		};
/* End PBXNativeTarget section */

/* Begin PBXProject section */
		D6406F0D1E665A4200805678 /* Project object */ = {
			isa = PBXProject;
			attributes = {
				LastSwiftUpdateCheck = 0820;
				LastUpgradeCheck = 0820;
				ORGANIZATIONNAME = "Denim Mazuki";
				TargetAttributes = {
					D6406F141E665A4200805678 = {
						CreatedOnToolsVersion = 8.2;
						ProvisioningStyle = Automatic;
					};
					D6406F281E665A4200805678 = {
						CreatedOnToolsVersion = 8.2;
						LastSwiftMigration = 0820;
						ProvisioningStyle = Automatic;
						TestTargetID = D6406F141E665A4200805678;
					};
				};
			};
			buildConfigurationList = D6406F101E665A4200805678 /* Build configuration list for PBXProject "ToDoApp" */;
			compatibilityVersion = "Xcode 3.2";
			developmentRegion = English;
			hasScannedForEncodings = 0;
			knownRegions = (
				en,
				Base,
			);
			mainGroup = D6406F0C1E665A4200805678;
			productRefGroup = D6406F161E665A4200805678 /* Products */;
			projectDirPath = "";
			projectRoot = "";
			targets = (
				D6406F141E665A4200805678 /* ToDoApp */,
				D6406F281E665A4200805678 /* ToDoAppTests */,
			);
		};
/* End PBXProject section */

/* Begin PBXResourcesBuildPhase section */
		D6406F131E665A4200805678 /* Resources */ = {
			isa = PBXResourcesBuildPhase;
			buildActionMask = 2147483647;
			files = (
				D6406F231E665A4200805678 /* LaunchScreen.storyboard in Resources */,
				D6406F201E665A4200805678 /* Assets.xcassets in Resources */,
				D6406F1E1E665A4200805678 /* Main.storyboard in Resources */,
			);
			runOnlyForDeploymentPostprocessing = 0;
		};
		D6406F271E665A4200805678 /* Resources */ = {
			isa = PBXResourcesBuildPhase;
			buildActionMask = 2147483647;
			files = (
			);
			runOnlyForDeploymentPostprocessing = 0;
		};
/* End PBXResourcesBuildPhase section */

/* Begin PBXSourcesBuildPhase section */
		D6406F111E665A4200805678 /* Sources */ = {
			isa = PBXSourcesBuildPhase;
			buildActionMask = 2147483647;
			files = (
				D686FFFE1E74D420007CDE7F /* InputViewController.swift in Sources */,
				D650215E1E67BAA100D47D8F /* ItemManager.swift in Sources */,
				D61CF63F1E69011B006915FE /* ItemListDataProvider.swift in Sources */,
				D6406F191E665A4200805678 /* AppDelegate.swift in Sources */,
				D65021571E67B61D00D47D8F /* Location.swift in Sources */,
				D64134041E6F89AF00F012A2 /* ItemCell.swift in Sources */,
				D6406F3B1E665D1F00805678 /* ToDoItem.swift in Sources */,
				D61CF63C1E68FD6B006915FE /* ItemListViewController.swift in Sources */,
				D686FFFA1E74CCE9007CDE7F /* DetailViewController.swift in Sources */,
			);
			runOnlyForDeploymentPostprocessing = 0;
		};
		D6406F251E665A4200805678 /* Sources */ = {
			isa = PBXSourcesBuildPhase;
			buildActionMask = 2147483647;
			files = (
				D6D1EED81E6F989500F008BE /* ItemCellTests.swift in Sources */,
				D6D9B5791E6F7BE600820345 /* ItemListDataProviderTests.swift in Sources */,
				D650215C1E67BA4900D47D8F /* ItemManagerTests.swift in Sources */,
				D686FFFC1E74D3F3007CDE7F /* InputViewControllerTests.swift in Sources */,
				D65021591E67B77200D47D8F /* LocationTests.swift in Sources */,
				D686FFF81E74CC90007CDE7F /* DetailViewControllerTests.swift in Sources */,
				D61CF6381E68FCFC006915FE /* ItemListViewControllerTest.swift in Sources */,
				D6406F391E665CC600805678 /* ToDoItemTests.swift in Sources */,
			);
			runOnlyForDeploymentPostprocessing = 0;
		};
/* End PBXSourcesBuildPhase section */

/* Begin PBXTargetDependency section */
		D6406F2B1E665A4200805678 /* PBXTargetDependency */ = {
			isa = PBXTargetDependency;
			target = D6406F141E665A4200805678 /* ToDoApp */;
			targetProxy = D6406F2A1E665A4200805678 /* PBXContainerItemProxy */;
		};
/* End PBXTargetDependency section */

/* Begin PBXVariantGroup section */
		D6406F1C1E665A4200805678 /* Main.storyboard */ = {
			isa = PBXVariantGroup;
			children = (
				D6406F1D1E665A4200805678 /* Base */,
			);
			name = Main.storyboard;
			sourceTree = "<group>";
		};
		D6406F211E665A4200805678 /* LaunchScreen.storyboard */ = {
			isa = PBXVariantGroup;
			children = (
				D6406F221E665A4200805678 /* Base */,
			);
			name = LaunchScreen.storyboard;
			sourceTree = "<group>";
		};
/* End PBXVariantGroup section */

/* Begin XCBuildConfiguration section */
		D6406F301E665A4200805678 /* Debug */ = {
			isa = XCBuildConfiguration;
			buildSettings = {
				ALWAYS_SEARCH_USER_PATHS = NO;
				CLANG_ANALYZER_NONNULL = YES;
				CLANG_CXX_LANGUAGE_STANDARD = "gnu++0x";
				CLANG_CXX_LIBRARY = "libc++";
				CLANG_ENABLE_MODULES = YES;
				CLANG_ENABLE_OBJC_ARC = YES;
				CLANG_WARN_BOOL_CONVERSION = YES;
				CLANG_WARN_CONSTANT_CONVERSION = YES;
				CLANG_WARN_DIRECT_OBJC_ISA_USAGE = YES_ERROR;
				CLANG_WARN_DOCUMENTATION_COMMENTS = YES;
				CLANG_WARN_EMPTY_BODY = YES;
				CLANG_WARN_ENUM_CONVERSION = YES;
				CLANG_WARN_INFINITE_RECURSION = YES;
				CLANG_WARN_INT_CONVERSION = YES;
				CLANG_WARN_OBJC_ROOT_CLASS = YES_ERROR;
				CLANG_WARN_SUSPICIOUS_MOVE = YES;
				CLANG_WARN_UNREACHABLE_CODE = YES;
				CLANG_WARN__DUPLICATE_METHOD_MATCH = YES;
				"CODE_SIGN_IDENTITY[sdk=iphoneos*]" = "iPhone Developer";
				COPY_PHASE_STRIP = NO;
				DEBUG_INFORMATION_FORMAT = dwarf;
				ENABLE_STRICT_OBJC_MSGSEND = YES;
				ENABLE_TESTABILITY = YES;
				GCC_C_LANGUAGE_STANDARD = gnu99;
				GCC_DYNAMIC_NO_PIC = NO;
				GCC_NO_COMMON_BLOCKS = YES;
				GCC_OPTIMIZATION_LEVEL = 0;
				GCC_PREPROCESSOR_DEFINITIONS = (
					"DEBUG=1",
					"$(inherited)",
				);
				GCC_WARN_64_TO_32_BIT_CONVERSION = YES;
				GCC_WARN_ABOUT_RETURN_TYPE = YES_ERROR;
				GCC_WARN_UNDECLARED_SELECTOR = YES;
				GCC_WARN_UNINITIALIZED_AUTOS = YES_AGGRESSIVE;
				GCC_WARN_UNUSED_FUNCTION = YES;
				GCC_WARN_UNUSED_VARIABLE = YES;
				IPHONEOS_DEPLOYMENT_TARGET = 10.2;
				MTL_ENABLE_DEBUG_INFO = YES;
				ONLY_ACTIVE_ARCH = YES;
				SDKROOT = iphoneos;
				SWIFT_ACTIVE_COMPILATION_CONDITIONS = DEBUG;
				SWIFT_OPTIMIZATION_LEVEL = "-Onone";
				TARGETED_DEVICE_FAMILY = "1,2";
			};
			name = Debug;
		};
		D6406F311E665A4200805678 /* Release */ = {
			isa = XCBuildConfiguration;
			buildSettings = {
				ALWAYS_SEARCH_USER_PATHS = NO;
				CLANG_ANALYZER_NONNULL = YES;
				CLANG_CXX_LANGUAGE_STANDARD = "gnu++0x";
				CLANG_CXX_LIBRARY = "libc++";
				CLANG_ENABLE_MODULES = YES;
				CLANG_ENABLE_OBJC_ARC = YES;
				CLANG_WARN_BOOL_CONVERSION = YES;
				CLANG_WARN_CONSTANT_CONVERSION = YES;
				CLANG_WARN_DIRECT_OBJC_ISA_USAGE = YES_ERROR;
				CLANG_WARN_DOCUMENTATION_COMMENTS = YES;
				CLANG_WARN_EMPTY_BODY = YES;
				CLANG_WARN_ENUM_CONVERSION = YES;
				CLANG_WARN_INFINITE_RECURSION = YES;
				CLANG_WARN_INT_CONVERSION = YES;
				CLANG_WARN_OBJC_ROOT_CLASS = YES_ERROR;
				CLANG_WARN_SUSPICIOUS_MOVE = YES;
				CLANG_WARN_UNREACHABLE_CODE = YES;
				CLANG_WARN__DUPLICATE_METHOD_MATCH = YES;
				"CODE_SIGN_IDENTITY[sdk=iphoneos*]" = "iPhone Developer";
				COPY_PHASE_STRIP = NO;
				DEBUG_INFORMATION_FORMAT = "dwarf-with-dsym";
				ENABLE_NS_ASSERTIONS = NO;
				ENABLE_STRICT_OBJC_MSGSEND = YES;
				GCC_C_LANGUAGE_STANDARD = gnu99;
				GCC_NO_COMMON_BLOCKS = YES;
				GCC_WARN_64_TO_32_BIT_CONVERSION = YES;
				GCC_WARN_ABOUT_RETURN_TYPE = YES_ERROR;
				GCC_WARN_UNDECLARED_SELECTOR = YES;
				GCC_WARN_UNINITIALIZED_AUTOS = YES_AGGRESSIVE;
				GCC_WARN_UNUSED_FUNCTION = YES;
				GCC_WARN_UNUSED_VARIABLE = YES;
				IPHONEOS_DEPLOYMENT_TARGET = 10.2;
				MTL_ENABLE_DEBUG_INFO = NO;
				SDKROOT = iphoneos;
				SWIFT_OPTIMIZATION_LEVEL = "-Owholemodule";
				TARGETED_DEVICE_FAMILY = "1,2";
				VALIDATE_PRODUCT = YES;
			};
			name = Release;
		};
		D6406F331E665A4200805678 /* Debug */ = {
			isa = XCBuildConfiguration;
			buildSettings = {
				ASSETCATALOG_COMPILER_APPICON_NAME = AppIcon;
				INFOPLIST_FILE = ToDoApp/Info.plist;
				LD_RUNPATH_SEARCH_PATHS = "$(inherited) @executable_path/Frameworks";
				PRODUCT_BUNDLE_IDENTIFIER = dmazuki.ToDoApp;
				PRODUCT_NAME = "$(TARGET_NAME)";
				SWIFT_VERSION = 3.0;
			};
			name = Debug;
		};
		D6406F341E665A4200805678 /* Release */ = {
			isa = XCBuildConfiguration;
			buildSettings = {
				ASSETCATALOG_COMPILER_APPICON_NAME = AppIcon;
				INFOPLIST_FILE = ToDoApp/Info.plist;
				LD_RUNPATH_SEARCH_PATHS = "$(inherited) @executable_path/Frameworks";
				PRODUCT_BUNDLE_IDENTIFIER = dmazuki.ToDoApp;
				PRODUCT_NAME = "$(TARGET_NAME)";
				SWIFT_VERSION = 3.0;
			};
			name = Release;
		};
		D6406F361E665A4200805678 /* Debug */ = {
			isa = XCBuildConfiguration;
			buildSettings = {
				ALWAYS_EMBED_SWIFT_STANDARD_LIBRARIES = YES;
				BUNDLE_LOADER = "$(TEST_HOST)";
				CLANG_ENABLE_MODULES = YES;
				INFOPLIST_FILE = ToDoAppTests/Info.plist;
				LD_RUNPATH_SEARCH_PATHS = "$(inherited) @executable_path/Frameworks @loader_path/Frameworks";
				PRODUCT_BUNDLE_IDENTIFIER = dmazuki.ToDoAppTests;
				PRODUCT_NAME = "$(TARGET_NAME)";
				SWIFT_OPTIMIZATION_LEVEL = "-Onone";
				SWIFT_VERSION = 3.0;
				TEST_HOST = "$(BUILT_PRODUCTS_DIR)/ToDoApp.app/ToDoApp";
			};
			name = Debug;
		};
		D6406F371E665A4200805678 /* Release */ = {
			isa = XCBuildConfiguration;
			buildSettings = {
				ALWAYS_EMBED_SWIFT_STANDARD_LIBRARIES = YES;
				BUNDLE_LOADER = "$(TEST_HOST)";
				CLANG_ENABLE_MODULES = YES;
				INFOPLIST_FILE = ToDoAppTests/Info.plist;
				LD_RUNPATH_SEARCH_PATHS = "$(inherited) @executable_path/Frameworks @loader_path/Frameworks";
				PRODUCT_BUNDLE_IDENTIFIER = dmazuki.ToDoAppTests;
				PRODUCT_NAME = "$(TARGET_NAME)";
				SWIFT_VERSION = 3.0;
				TEST_HOST = "$(BUILT_PRODUCTS_DIR)/ToDoApp.app/ToDoApp";
			};
			name = Release;
		};
/* End XCBuildConfiguration section */

/* Begin XCConfigurationList section */
		D6406F101E665A4200805678 /* Build configuration list for PBXProject "ToDoApp" */ = {
			isa = XCConfigurationList;
			buildConfigurations = (
				D6406F301E665A4200805678 /* Debug */,
				D6406F311E665A4200805678 /* Release */,
			);
			defaultConfigurationIsVisible = 0;
			defaultConfigurationName = Release;
		};
		D6406F321E665A4200805678 /* Build configuration list for PBXNativeTarget "ToDoApp" */ = {
			isa = XCConfigurationList;
			buildConfigurations = (
				D6406F331E665A4200805678 /* Debug */,
				D6406F341E665A4200805678 /* Release */,
			);
			defaultConfigurationIsVisible = 0;
			defaultConfigurationName = Release;
		};
		D6406F351E665A4200805678 /* Build configuration list for PBXNativeTarget "ToDoAppTests" */ = {
			isa = XCConfigurationList;
			buildConfigurations = (
				D6406F361E665A4200805678 /* Debug */,
				D6406F371E665A4200805678 /* Release */,
			);
			defaultConfigurationIsVisible = 0;
			defaultConfigurationName = Release;
		};
/* End XCConfigurationList section */
	};
	rootObject = D6406F0D1E665A4200805678 /* Project object */;
}
